
Microsoft Visual Studio Solution File, Format Version 12.00
# Visual Studio Version 16
VisualStudioVersion = 16.0.29519.87
MinimumVisualStudioVersion = 10.0.40219.1
Project("{FAE04EC0-301F-11D3-BF4B-00C04F79EFBC}") = "MyShop.Core", "MyShop.Core\MyShop.Core.csproj", "{8A0F863E-E231-4CF5-9238-05D6F27F6919}"
EndProject
Project("{FAE04EC0-301F-11D3-BF4B-00C04F79EFBC}") = "MyShop.Services", "MyShop.Services\MyShop.Services.csproj", "{61539350-D8AF-4746-B1F8-C7A48089A57D}"
EndProject
Project("{FAE04EC0-301F-11D3-BF4B-00C04F79EFBC}") = "MyShop.DataAccess.SQL", "MyShop.Access.SQL\MyShop.DataAccess.SQL.csproj", "{A22F0B9A-C619-4650-BCAC-091F7227EB2F}"
EndProject
Project("{FAE04EC0-301F-11D3-BF4B-00C04F79EFBC}") = "MyShop.DataAccess.InMemory", "MyShop.Access.InMemory\MyShop.DataAccess.InMemory.csproj", "{318E127F-7B61-4B82-B1D3-F64FECFA4C18}"
EndProject
Project("{FAE04EC0-301F-11D3-BF4B-00C04F79EFBC}") = "MyShop.WebUI", "MyShop.WebUI\MyShop.WebUI.csproj", "{51C4D9AC-1564-43AB-A1B6-8425CB6C6016}"
EndProject
Project("{FAE04EC0-301F-11D3-BF4B-00C04F79EFBC}") = "MyShop.WebUI.Tests", "MyShop.WebUI.Tests\MyShop.WebUI.Tests.csproj", "{DB3E51CA-FB57-44F2-9C0D-10B9D5459FE6}"
EndProject
Global
	GlobalSection(SolutionConfigurationPlatforms) = preSolution
		Debug|Any CPU = Debug|Any CPU
		Release|Any CPU = Release|Any CPU
	EndGlobalSection
	GlobalSection(ProjectConfigurationPlatforms) = postSolution
		{8A0F863E-E231-4CF5-9238-05D6F27F6919}.Debug|Any CPU.ActiveCfg = Debug|Any CPU
		{8A0F863E-E231-4CF5-9238-05D6F27F6919}.Debug|Any CPU.Build.0 = Debug|Any CPU
		{8A0F863E-E231-4CF5-9238-05D6F27F6919}.Release|Any CPU.ActiveCfg = Release|Any CPU
		{8A0F863E-E231-4CF5-9238-05D6F27F6919}.Release|Any CPU.Build.0 = Release|Any CPU
		{61539350-D8AF-4746-B1F8-C7A48089A57D}.Debug|Any CPU.ActiveCfg = Debug|Any CPU
		{61539350-D8AF-4746-B1F8-C7A48089A57D}.Debug|Any CPU.Build.0 = Debug|Any CPU
		{61539350-D8AF-4746-B1F8-C7A48089A57D}.Release|Any CPU.ActiveCfg = Release|Any CPU
		{61539350-D8AF-4746-B1F8-C7A48089A57D}.Release|Any CPU.Build.0 = Release|Any CPU
		{A22F0B9A-C619-4650-BCAC-091F7227EB2F}.Debug|Any CPU.ActiveCfg = Debug|Any CPU
		{A22F0B9A-C619-4650-BCAC-091F7227EB2F}.Debug|Any CPU.Build.0 = Debug|Any CPU
		{A22F0B9A-C619-4650-BCAC-091F7227EB2F}.Release|Any CPU.ActiveCfg = Release|Any CPU
		{A22F0B9A-C619-4650-BCAC-091F7227EB2F}.Release|Any CPU.Build.0 = Release|Any CPU
		{318E127F-7B61-4B82-B1D3-F64FECFA4C18}.Debug|Any CPU.ActiveCfg = Debug|Any CPU
		{318E127F-7B61-4B82-B1D3-F64FECFA4C18}.Debug|Any CPU.Build.0 = Debug|Any CPU
		{318E127F-7B61-4B82-B1D3-F64FECFA4C18}.Release|Any CPU.ActiveCfg = Release|Any CPU
		{318E127F-7B61-4B82-B1D3-F64FECFA4C18}.Release|Any CPU.Build.0 = Release|Any CPU
		{51C4D9AC-1564-43AB-A1B6-8425CB6C6016}.Debug|Any CPU.ActiveCfg = Debug|Any CPU
		{51C4D9AC-1564-43AB-A1B6-8425CB6C6016}.Debug|Any CPU.Build.0 = Debug|Any CPU
		{51C4D9AC-1564-43AB-A1B6-8425CB6C6016}.Release|Any CPU.ActiveCfg = Release|Any CPU
		{51C4D9AC-1564-43AB-A1B6-8425CB6C6016}.Release|Any CPU.Build.0 = Release|Any CPU
		{DB3E51CA-FB57-44F2-9C0D-10B9D5459FE6}.Debug|Any CPU.ActiveCfg = Debug|Any CPU
		{DB3E51CA-FB57-44F2-9C0D-10B9D5459FE6}.Debug|Any CPU.Build.0 = Debug|Any CPU
		{DB3E51CA-FB57-44F2-9C0D-10B9D5459FE6}.Release|Any CPU.ActiveCfg = Release|Any CPU
		{DB3E51CA-FB57-44F2-9C0D-10B9D5459FE6}.Release|Any CPU.Build.0 = Release|Any CPU
	EndGlobalSection
	GlobalSection(SolutionProperties) = preSolution
		HideSolutionNode = FALSE
	EndGlobalSection
	GlobalSection(ExtensibilityGlobals) = postSolution
		SolutionGuid = {B5A1DF2A-4A8F-40D1-B3FD-461057D3068D}
	EndGlobalSection
EndGlobal
